
Microsoft Visual Studio Solution File, Format Version 12.00
# Visual Studio 2012
Project("{FAE04EC0-301F-11D3-BF4B-00C04F79EFBC}") = "NextWorkingDay", "NextWorkingDay\NextWorkingDay.csproj", "{4F27CD82-1754-4A70-969E-7CB160709B83}"
EndProject
Project("{FAE04EC0-301F-11D3-BF4B-00C04F79EFBC}") = "NextWorkingDay.Tests", "NextWorkingDay.Tests\NextWorkingDay.Tests.csproj", "{C0A1C7BD-6BBF-4E94-8220-0C3FFEB0BA7B}"
EndProject
Global
	GlobalSection(SolutionConfigurationPlatforms) = preSolution
		Debug|Any CPU = Debug|Any CPU
		Release|Any CPU = Release|Any CPU
	EndGlobalSection
	GlobalSection(ProjectConfigurationPlatforms) = postSolution
		{4F27CD82-1754-4A70-969E-7CB160709B83}.Debug|Any CPU.ActiveCfg = Debug|Any CPU
		{4F27CD82-1754-4A70-969E-7CB160709B83}.Debug|Any CPU.Build.0 = Debug|Any CPU
		{4F27CD82-1754-4A70-969E-7CB160709B83}.Release|Any CPU.ActiveCfg = Release|Any CPU
		{4F27CD82-1754-4A70-969E-7CB160709B83}.Release|Any CPU.Build.0 = Release|Any CPU
		{C0A1C7BD-6BBF-4E94-8220-0C3FFEB0BA7B}.Debug|Any CPU.ActiveCfg = Debug|Any CPU
		{C0A1C7BD-6BBF-4E94-8220-0C3FFEB0BA7B}.Debug|Any CPU.Build.0 = Debug|Any CPU
		{C0A1C7BD-6BBF-4E94-8220-0C3FFEB0BA7B}.Release|Any CPU.ActiveCfg = Release|Any CPU
		{C0A1C7BD-6BBF-4E94-8220-0C3FFEB0BA7B}.Release|Any CPU.Build.0 = Release|Any CPU
	EndGlobalSection
	GlobalSection(SolutionProperties) = preSolution
		HideSolutionNode = FALSE
	EndGlobalSection
EndGlobal
